// !$*UTF8*$!
{
	archiveVersion = 1;
	classes = {
	};
	objectVersion = 51;
	objects = {

/* Begin PBXBuildFile section */
		985A4CFC53179D9F493E2D60 /* Pods_WQCloud.framework in Frameworks */ = {isa = PBXBuildFile; fileRef = 7FA9B281CFE61EB564609B66 /* Pods_WQCloud.framework */; };
		A06B0C7D247B751100FC6863 /* AppDelegate.swift in Sources */ = {isa = PBXBuildFile; fileRef = A06B0C7C247B751100FC6863 /* AppDelegate.swift */; };
		A06B0C86247B751200FC6863 /* Assets.xcassets in Resources */ = {isa = PBXBuildFile; fileRef = A06B0C85247B751200FC6863 /* Assets.xcassets */; };
		A06B0C89247B751200FC6863 /* LaunchScreen.storyboard in Resources */ = {isa = PBXBuildFile; fileRef = A06B0C87247B751200FC6863 /* LaunchScreen.storyboard */; };
		A06B0C99247C0D5200FC6863 /* WQBaseViewController.swift in Sources */ = {isa = PBXBuildFile; fileRef = A06B0C98247C0D5200FC6863 /* WQBaseViewController.swift */; };
		A06B0CBD247C12F300FC6863 /* WQCustomTabbarController.swift in Sources */ = {isa = PBXBuildFile; fileRef = A06B0CBC247C12F300FC6863 /* WQCustomTabbarController.swift */; };
		A06B0CC0247CB1AC00FC6863 /* WQCustomTabbarView.swift in Sources */ = {isa = PBXBuildFile; fileRef = A06B0CBF247CB1AC00FC6863 /* WQCustomTabbarView.swift */; };
		A06B0CC2247CB20600FC6863 /* WQBadgeView.swift in Sources */ = {isa = PBXBuildFile; fileRef = A06B0CC1247CB20600FC6863 /* WQBadgeView.swift */; };
		A06B0CC4247CB3C400FC6863 /* WQColor.swift in Sources */ = {isa = PBXBuildFile; fileRef = A06B0CC3247CB3C400FC6863 /* WQColor.swift */; };
		A06B0CC6247CB3F000FC6863 /* WQSizeFit.swift in Sources */ = {isa = PBXBuildFile; fileRef = A06B0CC5247CB3F000FC6863 /* WQSizeFit.swift */; };
		A06B0CD2247CB88D00FC6863 /* SPButton.m in Sources */ = {isa = PBXBuildFile; fileRef = A06B0CD1247CB88D00FC6863 /* SPButton.m */; };
		A06B0CD5247CCDFF00FC6863 /* WQBaseNavigationController.swift in Sources */ = {isa = PBXBuildFile; fileRef = A06B0CD4247CCDFF00FC6863 /* WQBaseNavigationController.swift */; };
		A06B0CD7247CD69100FC6863 /* WQMineViewController.swift in Sources */ = {isa = PBXBuildFile; fileRef = A06B0CD6247CD69100FC6863 /* WQMineViewController.swift */; };
/* End PBXBuildFile section */

/* Begin PBXFileReference section */
		7FA9B281CFE61EB564609B66 /* Pods_WQCloud.framework */ = {isa = PBXFileReference; explicitFileType = wrapper.framework; includeInIndex = 0; path = Pods_WQCloud.framework; sourceTree = BUILT_PRODUCTS_DIR; };
		A06B0C79247B751100FC6863 /* WQCloud.app */ = {isa = PBXFileReference; explicitFileType = wrapper.application; includeInIndex = 0; path = WQCloud.app; sourceTree = BUILT_PRODUCTS_DIR; };
		A06B0C7C247B751100FC6863 /* AppDelegate.swift */ = {isa = PBXFileReference; lastKnownFileType = sourcecode.swift; path = AppDelegate.swift; sourceTree = "<group>"; };
		A06B0C85247B751200FC6863 /* Assets.xcassets */ = {isa = PBXFileReference; lastKnownFileType = folder.assetcatalog; path = Assets.xcassets; sourceTree = "<group>"; };
		A06B0C88247B751200FC6863 /* Base */ = {isa = PBXFileReference; lastKnownFileType = file.storyboard; name = Base; path = Base.lproj/LaunchScreen.storyboard; sourceTree = "<group>"; };
		A06B0C8A247B751200FC6863 /* Info.plist */ = {isa = PBXFileReference; lastKnownFileType = text.plist.xml; path = Info.plist; sourceTree = "<group>"; };
		A06B0C98247C0D5200FC6863 /* WQBaseViewController.swift */ = {isa = PBXFileReference; lastKnownFileType = sourcecode.swift; path = WQBaseViewController.swift; sourceTree = "<group>"; };
		A06B0CBC247C12F300FC6863 /* WQCustomTabbarController.swift */ = {isa = PBXFileReference; lastKnownFileType = sourcecode.swift; path = WQCustomTabbarController.swift; sourceTree = "<group>"; };
		A06B0CBF247CB1AC00FC6863 /* WQCustomTabbarView.swift */ = {isa = PBXFileReference; lastKnownFileType = sourcecode.swift; path = WQCustomTabbarView.swift; sourceTree = "<group>"; };
		A06B0CC1247CB20600FC6863 /* WQBadgeView.swift */ = {isa = PBXFileReference; lastKnownFileType = sourcecode.swift; path = WQBadgeView.swift; sourceTree = "<group>"; };
		A06B0CC3247CB3C400FC6863 /* WQColor.swift */ = {isa = PBXFileReference; lastKnownFileType = sourcecode.swift; path = WQColor.swift; sourceTree = "<group>"; };
		A06B0CC5247CB3F000FC6863 /* WQSizeFit.swift */ = {isa = PBXFileReference; lastKnownFileType = sourcecode.swift; path = WQSizeFit.swift; sourceTree = "<group>"; };
		A06B0CCE247CB5E700FC6863 /* WQCloud-bridging-header.h */ = {isa = PBXFileReference; lastKnownFileType = sourcecode.c.h; path = "WQCloud-bridging-header.h"; sourceTree = "<group>"; };
		A06B0CD0247CB88D00FC6863 /* SPButton.h */ = {isa = PBXFileReference; fileEncoding = 4; lastKnownFileType = sourcecode.c.h; path = SPButton.h; sourceTree = "<group>"; };
		A06B0CD1247CB88D00FC6863 /* SPButton.m */ = {isa = PBXFileReference; fileEncoding = 4; lastKnownFileType = sourcecode.c.objc; path = SPButton.m; sourceTree = "<group>"; };
		A06B0CD4247CCDFF00FC6863 /* WQBaseNavigationController.swift */ = {isa = PBXFileReference; lastKnownFileType = sourcecode.swift; path = WQBaseNavigationController.swift; sourceTree = "<group>"; };
		A06B0CD6247CD69100FC6863 /* WQMineViewController.swift */ = {isa = PBXFileReference; lastKnownFileType = sourcecode.swift; path = WQMineViewController.swift; sourceTree = "<group>"; };
		C0C3AF6AD9A47CD76040238E /* Pods-WQCloud.release.xcconfig */ = {isa = PBXFileReference; includeInIndex = 1; lastKnownFileType = text.xcconfig; name = "Pods-WQCloud.release.xcconfig"; path = "Target Support Files/Pods-WQCloud/Pods-WQCloud.release.xcconfig"; sourceTree = "<group>"; };
		F4FD5D99F65AC7A578176145 /* Pods-WQCloud.debug.xcconfig */ = {isa = PBXFileReference; includeInIndex = 1; lastKnownFileType = text.xcconfig; name = "Pods-WQCloud.debug.xcconfig"; path = "Target Support Files/Pods-WQCloud/Pods-WQCloud.debug.xcconfig"; sourceTree = "<group>"; };
/* End PBXFileReference section */

/* Begin PBXFrameworksBuildPhase section */
		A06B0C76247B751100FC6863 /* Frameworks */ = {
			isa = PBXFrameworksBuildPhase;
			buildActionMask = 2147483647;
			files = (
				985A4CFC53179D9F493E2D60 /* Pods_WQCloud.framework in Frameworks */,
			);
			runOnlyForDeploymentPostprocessing = 0;
		};
/* End PBXFrameworksBuildPhase section */

/* Begin PBXGroup section */
		46975F66F5A4A5512059CA10 /* Frameworks */ = {
			isa = PBXGroup;
			children = (
				7FA9B281CFE61EB564609B66 /* Pods_WQCloud.framework */,
			);
			name = Frameworks;
			sourceTree = "<group>";
		};
		9F6714F203506E7847AAF2F3 /* Pods */ = {
			isa = PBXGroup;
			children = (
				F4FD5D99F65AC7A578176145 /* Pods-WQCloud.debug.xcconfig */,
				C0C3AF6AD9A47CD76040238E /* Pods-WQCloud.release.xcconfig */,
			);
			path = Pods;
			sourceTree = "<group>";
		};
		A06B0C70247B751100FC6863 = {
			isa = PBXGroup;
			children = (
				A06B0C7B247B751100FC6863 /* WQCloud */,
				A06B0C7A247B751100FC6863 /* Products */,
				9F6714F203506E7847AAF2F3 /* Pods */,
				46975F66F5A4A5512059CA10 /* Frameworks */,
			);
			sourceTree = "<group>";
		};
		A06B0C7A247B751100FC6863 /* Products */ = {
			isa = PBXGroup;
			children = (
				A06B0C79247B751100FC6863 /* WQCloud.app */,
			);
			name = Products;
			sourceTree = "<group>";
		};
		A06B0C7B247B751100FC6863 /* WQCloud */ = {
			isa = PBXGroup;
			children = (
				A06B0CCC247CB5A200FC6863 /* Utility */,
				A06B0CC7247CB53B00FC6863 /* ThirdParty */,
				A06B0C90247C0A0700FC6863 /* Modules */,
				A06B0C7C247B751100FC6863 /* AppDelegate.swift */,
				A06B0CCE247CB5E700FC6863 /* WQCloud-bridging-header.h */,
				A06B0C85247B751200FC6863 /* Assets.xcassets */,
				A06B0C87247B751200FC6863 /* LaunchScreen.storyboard */,
				A06B0C8A247B751200FC6863 /* Info.plist */,
			);
			path = WQCloud;
			sourceTree = "<group>";
		};
		A06B0C90247C0A0700FC6863 /* Modules */ = {
			isa = PBXGroup;
			children = (
				A06B0CD8247CD6B700FC6863 /* Mine(我的) */,
				A06B0C95247C0A3900FC6863 /* Base */,
			);
			path = Modules;
			sourceTree = "<group>";
		};
		A06B0C91247C0A0700FC6863 /* ViewModel */ = {
			isa = PBXGroup;
			children = (
			);
			path = ViewModel;
			sourceTree = "<group>";
		};
		A06B0C92247C0A0700FC6863 /* Controller */ = {
			isa = PBXGroup;
			children = (
				A06B0CD6247CD69100FC6863 /* WQMineViewController.swift */,
			);
			path = Controller;
			sourceTree = "<group>";
		};
		A06B0C93247C0A0700FC6863 /* Model */ = {
			isa = PBXGroup;
			children = (
			);
			path = Model;
			sourceTree = "<group>";
		};
		A06B0C94247C0A0700FC6863 /* View */ = {
			isa = PBXGroup;
			children = (
			);
			path = View;
			sourceTree = "<group>";
		};
		A06B0C95247C0A3900FC6863 /* Base */ = {
			isa = PBXGroup;
			children = (
				A06B0C98247C0D5200FC6863 /* WQBaseViewController.swift */,
				A06B0CD4247CCDFF00FC6863 /* WQBaseNavigationController.swift */,
			);
			path = Base;
			sourceTree = "<group>";
		};
		A06B0C96247C0A4900FC6863 /* Tools */ = {
			isa = PBXGroup;
			children = (
				A06B0CC3247CB3C400FC6863 /* WQColor.swift */,
				A06B0CC5247CB3F000FC6863 /* WQSizeFit.swift */,
			);
			path = Tools;
			sourceTree = "<group>";
		};
		A06B0C97247C0A5200FC6863 /* Extension */ = {
			isa = PBXGroup;
			children = (
			);
			path = Extension;
			sourceTree = "<group>";
		};
		A06B0CBE247CB12B00FC6863 /* CustomTabbar */ = {
			isa = PBXGroup;
			children = (
				A06B0CBC247C12F300FC6863 /* WQCustomTabbarController.swift */,
				A06B0CBF247CB1AC00FC6863 /* WQCustomTabbarView.swift */,
				A06B0CC1247CB20600FC6863 /* WQBadgeView.swift */,
			);
			path = CustomTabbar;
			sourceTree = "<group>";
		};
		A06B0CC7247CB53B00FC6863 /* ThirdParty */ = {
			isa = PBXGroup;
			children = (
				A06B0CCF247CB88500FC6863 /* New Group */,
			);
			path = ThirdParty;
			sourceTree = "<group>";
		};
		A06B0CCC247CB5A200FC6863 /* Utility */ = {
			isa = PBXGroup;
			children = (
				A06B0CD3247CB8C400FC6863 /* CustomComponent */,
				A06B0C97247C0A5200FC6863 /* Extension */,
				A06B0C96247C0A4900FC6863 /* Tools */,
			);
			path = Utility;
			sourceTree = "<group>";
		};
		A06B0CCF247CB88500FC6863 /* New Group */ = {
			isa = PBXGroup;
			children = (
				A06B0CD0247CB88D00FC6863 /* SPButton.h */,
				A06B0CD1247CB88D00FC6863 /* SPButton.m */,
			);
			path = "New Group";
			sourceTree = "<group>";
		};
		A06B0CD3247CB8C400FC6863 /* CustomComponent */ = {
			isa = PBXGroup;
			children = (
				A06B0CBE247CB12B00FC6863 /* CustomTabbar */,
			);
			path = CustomComponent;
			sourceTree = "<group>";
		};
		A06B0CD8247CD6B700FC6863 /* Mine(我的) */ = {
			isa = PBXGroup;
			children = (
				A06B0C91247C0A0700FC6863 /* ViewModel */,
				A06B0C92247C0A0700FC6863 /* Controller */,
				A06B0C93247C0A0700FC6863 /* Model */,
				A06B0C94247C0A0700FC6863 /* View */,
			);
			path = "Mine(我的)";
			sourceTree = "<group>";
		};
/* End PBXGroup section */

/* Begin PBXNativeTarget section */
		A06B0C78247B751100FC6863 /* WQCloud */ = {
			isa = PBXNativeTarget;
			buildConfigurationList = A06B0C8D247B751200FC6863 /* Build configuration list for PBXNativeTarget "WQCloud" */;
			buildPhases = (
				3BCDD84C1ACD8B2365FE6601 /* [CP] Check Pods Manifest.lock */,
				A06B0C75247B751100FC6863 /* Sources */,
				A06B0C76247B751100FC6863 /* Frameworks */,
				A06B0C77247B751100FC6863 /* Resources */,
				34CB9BC8340C466CAE51A5BC /* [CP] Embed Pods Frameworks */,
			);
			buildRules = (
			);
			dependencies = (
			);
			name = WQCloud;
			productName = WQCloud;
			productReference = A06B0C79247B751100FC6863 /* WQCloud.app */;
			productType = "com.apple.product-type.application";
		};
/* End PBXNativeTarget section */

/* Begin PBXProject section */
		A06B0C71247B751100FC6863 /* Project object */ = {
			isa = PBXProject;
			attributes = {
				LastSwiftUpdateCheck = 1140;
				LastUpgradeCheck = 1140;
				ORGANIZATIONNAME = chenweiqiang;
				TargetAttributes = {
					A06B0C78247B751100FC6863 = {
						CreatedOnToolsVersion = 11.4.1;
					};
				};
			};
			buildConfigurationList = A06B0C74247B751100FC6863 /* Build configuration list for PBXProject "WQCloud" */;
			compatibilityVersion = "Xcode 9.3";
			developmentRegion = en;
			hasScannedForEncodings = 0;
			knownRegions = (
				en,
				Base,
			);
			mainGroup = A06B0C70247B751100FC6863;
			productRefGroup = A06B0C7A247B751100FC6863 /* Products */;
			projectDirPath = "";
			projectRoot = "";
			targets = (
				A06B0C78247B751100FC6863 /* WQCloud */,
			);
		};
/* End PBXProject section */

/* Begin PBXResourcesBuildPhase section */
		A06B0C77247B751100FC6863 /* Resources */ = {
			isa = PBXResourcesBuildPhase;
			buildActionMask = 2147483647;
			files = (
				A06B0C89247B751200FC6863 /* LaunchScreen.storyboard in Resources */,
				A06B0C86247B751200FC6863 /* Assets.xcassets in Resources */,
			);
			runOnlyForDeploymentPostprocessing = 0;
		};
/* End PBXResourcesBuildPhase section */

/* Begin PBXShellScriptBuildPhase section */
		34CB9BC8340C466CAE51A5BC /* [CP] Embed Pods Frameworks */ = {
			isa = PBXShellScriptBuildPhase;
			buildActionMask = 2147483647;
			files = (
			);
			inputFileListPaths = (
				"${PODS_ROOT}/Target Support Files/Pods-WQCloud/Pods-WQCloud-frameworks-${CONFIGURATION}-input-files.xcfilelist",
			);
			name = "[CP] Embed Pods Frameworks";
			outputFileListPaths = (
				"${PODS_ROOT}/Target Support Files/Pods-WQCloud/Pods-WQCloud-frameworks-${CONFIGURATION}-output-files.xcfilelist",
			);
			runOnlyForDeploymentPostprocessing = 0;
			shellPath = /bin/sh;
			shellScript = "\"${PODS_ROOT}/Target Support Files/Pods-WQCloud/Pods-WQCloud-frameworks.sh\"\n";
			showEnvVarsInLog = 0;
		};
		3BCDD84C1ACD8B2365FE6601 /* [CP] Check Pods Manifest.lock */ = {
			isa = PBXShellScriptBuildPhase;
			buildActionMask = 2147483647;
			files = (
			);
			inputFileListPaths = (
			);
			inputPaths = (
				"${PODS_PODFILE_DIR_PATH}/Podfile.lock",
				"${PODS_ROOT}/Manifest.lock",
			);
			name = "[CP] Check Pods Manifest.lock";
			outputFileListPaths = (
			);
			outputPaths = (
				"$(DERIVED_FILE_DIR)/Pods-WQCloud-checkManifestLockResult.txt",
			);
			runOnlyForDeploymentPostprocessing = 0;
			shellPath = /bin/sh;
			shellScript = "diff \"${PODS_PODFILE_DIR_PATH}/Podfile.lock\" \"${PODS_ROOT}/Manifest.lock\" > /dev/null\nif [ $? != 0 ] ; then\n    # print error to STDERR\n    echo \"error: The sandbox is not in sync with the Podfile.lock. Run 'pod install' or update your CocoaPods installation.\" >&2\n    exit 1\nfi\n# This output is used by Xcode 'outputs' to avoid re-running this script phase.\necho \"SUCCESS\" > \"${SCRIPT_OUTPUT_FILE_0}\"\n";
			showEnvVarsInLog = 0;
		};
/* End PBXShellScriptBuildPhase section */

/* Begin PBXSourcesBuildPhase section */
		A06B0C75247B751100FC6863 /* Sources */ = {
			isa = PBXSourcesBuildPhase;
			buildActionMask = 2147483647;
			files = (
				A06B0CD5247CCDFF00FC6863 /* WQBaseNavigationController.swift in Sources */,
				A06B0CC2247CB20600FC6863 /* WQBadgeView.swift in Sources */,
				A06B0CC4247CB3C400FC6863 /* WQColor.swift in Sources */,
				A06B0C7D247B751100FC6863 /* AppDelegate.swift in Sources */,
				A06B0CC0247CB1AC00FC6863 /* WQCustomTabbarView.swift in Sources */,
				A06B0CD2247CB88D00FC6863 /* SPButton.m in Sources */,
				A06B0CBD247C12F300FC6863 /* WQCustomTabbarController.swift in Sources */,
				A06B0CD7247CD69100FC6863 /* WQMineViewController.swift in Sources */,
				A06B0CC6247CB3F000FC6863 /* WQSizeFit.swift in Sources */,
				A06B0C99247C0D5200FC6863 /* WQBaseViewController.swift in Sources */,
			);
			runOnlyForDeploymentPostprocessing = 0;
		};
/* End PBXSourcesBuildPhase section */

/* Begin PBXVariantGroup section */
		A06B0C87247B751200FC6863 /* LaunchScreen.storyboard */ = {
			isa = PBXVariantGroup;
			children = (
				A06B0C88247B751200FC6863 /* Base */,
			);
			name = LaunchScreen.storyboard;
			sourceTree = "<group>";
		};
/* End PBXVariantGroup section */

/* Begin XCBuildConfiguration section */
		A06B0C8B247B751200FC6863 /* Debug */ = {
			isa = XCBuildConfiguration;
			buildSettings = {
				ALWAYS_SEARCH_USER_PATHS = NO;
				CLANG_ANALYZER_NONNULL = YES;
				CLANG_ANALYZER_NUMBER_OBJECT_CONVERSION = YES_AGGRESSIVE;
				CLANG_CXX_LANGUAGE_STANDARD = "gnu++14";
				CLANG_CXX_LIBRARY = "libc++";
				CLANG_ENABLE_MODULES = YES;
				CLANG_ENABLE_OBJC_ARC = YES;
				CLANG_ENABLE_OBJC_WEAK = YES;
				CLANG_WARN_BLOCK_CAPTURE_AUTORELEASING = YES;
				CLANG_WARN_BOOL_CONVERSION = YES;
				CLANG_WARN_COMMA = YES;
				CLANG_WARN_CONSTANT_CONVERSION = YES;
				CLANG_WARN_DEPRECATED_OBJC_IMPLEMENTATIONS = YES;
				CLANG_WARN_DIRECT_OBJC_ISA_USAGE = YES_ERROR;
				CLANG_WARN_DOCUMENTATION_COMMENTS = YES;
				CLANG_WARN_EMPTY_BODY = YES;
				CLANG_WARN_ENUM_CONVERSION = YES;
				CLANG_WARN_INFINITE_RECURSION = YES;
				CLANG_WARN_INT_CONVERSION = YES;
				CLANG_WARN_NON_LITERAL_NULL_CONVERSION = YES;
				CLANG_WARN_OBJC_IMPLICIT_RETAIN_SELF = YES;
				CLANG_WARN_OBJC_LITERAL_CONVERSION = YES;
				CLANG_WARN_OBJC_ROOT_CLASS = YES_ERROR;
				CLANG_WARN_RANGE_LOOP_ANALYSIS = YES;
				CLANG_WARN_STRICT_PROTOTYPES = YES;
				CLANG_WARN_SUSPICIOUS_MOVE = YES;
				CLANG_WARN_UNGUARDED_AVAILABILITY = YES_AGGRESSIVE;
				CLANG_WARN_UNREACHABLE_CODE = YES;
				CLANG_WARN__DUPLICATE_METHOD_MATCH = YES;
				COPY_PHASE_STRIP = NO;
				DEBUG_INFORMATION_FORMAT = dwarf;
				ENABLE_STRICT_OBJC_MSGSEND = YES;
				ENABLE_TESTABILITY = YES;
				GCC_C_LANGUAGE_STANDARD = gnu11;
				GCC_DYNAMIC_NO_PIC = NO;
				GCC_NO_COMMON_BLOCKS = YES;
				GCC_OPTIMIZATION_LEVEL = 0;
				GCC_PREPROCESSOR_DEFINITIONS = (
					"DEBUG=1",
					"$(inherited)",
				);
				GCC_WARN_64_TO_32_BIT_CONVERSION = YES;
				GCC_WARN_ABOUT_RETURN_TYPE = YES_ERROR;
				GCC_WARN_UNDECLARED_SELECTOR = YES;
				GCC_WARN_UNINITIALIZED_AUTOS = YES_AGGRESSIVE;
				GCC_WARN_UNUSED_FUNCTION = YES;
				GCC_WARN_UNUSED_VARIABLE = YES;
				IPHONEOS_DEPLOYMENT_TARGET = 13.4;
				MTL_ENABLE_DEBUG_INFO = INCLUDE_SOURCE;
				MTL_FAST_MATH = YES;
				ONLY_ACTIVE_ARCH = YES;
				SDKROOT = iphoneos;
				SWIFT_ACTIVE_COMPILATION_CONDITIONS = DEBUG;
				SWIFT_OPTIMIZATION_LEVEL = "-Onone";
			};
			name = Debug;
		};
		A06B0C8C247B751200FC6863 /* Release */ = {
			isa = XCBuildConfiguration;
			buildSettings = {
				ALWAYS_SEARCH_USER_PATHS = NO;
				CLANG_ANALYZER_NONNULL = YES;
				CLANG_ANALYZER_NUMBER_OBJECT_CONVERSION = YES_AGGRESSIVE;
				CLANG_CXX_LANGUAGE_STANDARD = "gnu++14";
				CLANG_CXX_LIBRARY = "libc++";
				CLANG_ENABLE_MODULES = YES;
				CLANG_ENABLE_OBJC_ARC = YES;
				CLANG_ENABLE_OBJC_WEAK = YES;
				CLANG_WARN_BLOCK_CAPTURE_AUTORELEASING = YES;
				CLANG_WARN_BOOL_CONVERSION = YES;
				CLANG_WARN_COMMA = YES;
				CLANG_WARN_CONSTANT_CONVERSION = YES;
				CLANG_WARN_DEPRECATED_OBJC_IMPLEMENTATIONS = YES;
				CLANG_WARN_DIRECT_OBJC_ISA_USAGE = YES_ERROR;
				CLANG_WARN_DOCUMENTATION_COMMENTS = YES;
				CLANG_WARN_EMPTY_BODY = YES;
				CLANG_WARN_ENUM_CONVERSION = YES;
				CLANG_WARN_INFINITE_RECURSION = YES;
				CLANG_WARN_INT_CONVERSION = YES;
				CLANG_WARN_NON_LITERAL_NULL_CONVERSION = YES;
				CLANG_WARN_OBJC_IMPLICIT_RETAIN_SELF = YES;
				CLANG_WARN_OBJC_LITERAL_CONVERSION = YES;
				CLANG_WARN_OBJC_ROOT_CLASS = YES_ERROR;
				CLANG_WARN_RANGE_LOOP_ANALYSIS = YES;
				CLANG_WARN_STRICT_PROTOTYPES = YES;
				CLANG_WARN_SUSPICIOUS_MOVE = YES;
				CLANG_WARN_UNGUARDED_AVAILABILITY = YES_AGGRESSIVE;
				CLANG_WARN_UNREACHABLE_CODE = YES;
				CLANG_WARN__DUPLICATE_METHOD_MATCH = YES;
				COPY_PHASE_STRIP = NO;
				DEBUG_INFORMATION_FORMAT = "dwarf-with-dsym";
				ENABLE_NS_ASSERTIONS = NO;
				ENABLE_STRICT_OBJC_MSGSEND = YES;
				GCC_C_LANGUAGE_STANDARD = gnu11;
				GCC_NO_COMMON_BLOCKS = YES;
				GCC_WARN_64_TO_32_BIT_CONVERSION = YES;
				GCC_WARN_ABOUT_RETURN_TYPE = YES_ERROR;
				GCC_WARN_UNDECLARED_SELECTOR = YES;
				GCC_WARN_UNINITIALIZED_AUTOS = YES_AGGRESSIVE;
				GCC_WARN_UNUSED_FUNCTION = YES;
				GCC_WARN_UNUSED_VARIABLE = YES;
				IPHONEOS_DEPLOYMENT_TARGET = 13.4;
				MTL_ENABLE_DEBUG_INFO = NO;
				MTL_FAST_MATH = YES;
				SDKROOT = iphoneos;
				SWIFT_COMPILATION_MODE = wholemodule;
				SWIFT_OPTIMIZATION_LEVEL = "-O";
				VALIDATE_PRODUCT = YES;
			};
			name = Release;
		};
		A06B0C8E247B751200FC6863 /* Debug */ = {
			isa = XCBuildConfiguration;
			baseConfigurationReference = F4FD5D99F65AC7A578176145 /* Pods-WQCloud.debug.xcconfig */;
			buildSettings = {
				ASSETCATALOG_COMPILER_APPICON_NAME = AppIcon;
				CODE_SIGN_STYLE = Automatic;
				DEVELOPMENT_TEAM = Q74CDF9F84;
				INFOPLIST_FILE = WQCloud/Info.plist;
				LD_RUNPATH_SEARCH_PATHS = (
					"$(inherited)",
					"@executable_path/Frameworks",
				);
				OTHER_LDFLAGS = (
					"$(inherited)",
					"-framework",
					"\"FileManagerModule\"",
					"-framework",
					"\"MessageModule\"",
					"-framework",
					"\"SnapKit\"",
					"-framework",
					"\"WQCTMediator\"",
					"-framework",
					"\"WQCTMediator_Extension\"",
					"-ObjC",
				);
				PRODUCT_BUNDLE_IDENTIFIER = cwq.WQCloud;
				PRODUCT_NAME = "$(TARGET_NAME)";
				SWIFT_OBJC_BRIDGING_HEADER = "$(SRCROOT)/$(PROJECT_NAME)/WQCloud-bridging-header.h";
				SWIFT_VERSION = 5.0;
				TARGETED_DEVICE_FAMILY = 1;
			};
			name = Debug;
		};
		A06B0C8F247B751200FC6863 /* Release */ = {
			isa = XCBuildConfiguration;
			baseConfigurationReference = C0C3AF6AD9A47CD76040238E /* Pods-WQCloud.release.xcconfig */;
			buildSettings = {
				ASSETCATALOG_COMPILER_APPICON_NAME = AppIcon;
				CODE_SIGN_STYLE = Automatic;
				DEVELOPMENT_TEAM = Q74CDF9F84;
				INFOPLIST_FILE = WQCloud/Info.plist;
				LD_RUNPATH_SEARCH_PATHS = (
					"$(inherited)",
					"@executable_path/Frameworks",
				);
				OTHER_LDFLAGS = (
					"$(inherited)",
					"-framework",
					"\"FileManagerModule\"",
					"-framework",
					"\"MessageModule\"",
					"-framework",
					"\"SnapKit\"",
					"-framework",
					"\"WQCTMediator\"",
					"-framework",
					"\"WQCTMediator_Extension\"",
					"-ObjC",
				);
				PRODUCT_BUNDLE_IDENTIFIER = cwq.WQCloud;
				PRODUCT_NAME = "$(TARGET_NAME)";
				SWIFT_OBJC_BRIDGING_HEADER = "$(SRCROOT)/$(PROJECT_NAME)/WQCloud-bridging-header.h";
				SWIFT_VERSION = 5.0;
				TARGETED_DEVICE_FAMILY = 1;
			};
			name = Release;
		};
/* End XCBuildConfiguration section */

/* Begin XCConfigurationList section */
		A06B0C74247B751100FC6863 /* Build configuration list for PBXProject "WQCloud" */ = {
			isa = XCConfigurationList;
			buildConfigurations = (
				A06B0C8B247B751200FC6863 /* Debug */,
				A06B0C8C247B751200FC6863 /* Release */,
			);
			defaultConfigurationIsVisible = 0;
			defaultConfigurationName = Release;
		};
		A06B0C8D247B751200FC6863 /* Build configuration list for PBXNativeTarget "WQCloud" */ = {
			isa = XCConfigurationList;
			buildConfigurations = (
				A06B0C8E247B751200FC6863 /* Debug */,
				A06B0C8F247B751200FC6863 /* Release */,
			);
			defaultConfigurationIsVisible = 0;
			defaultConfigurationName = Release;
		};
/* End XCConfigurationList section */
	};
	rootObject = A06B0C71247B751100FC6863 /* Project object */;
}
